{
  "name": "sdd-agentic-framework",
  "version": "1.0.0",
  "lockfileVersion": 3,
  "requires": true,
  "packages": {
    "": {
      "name": "sdd-agentic-framework",
      "version": "1.0.0",
      "hasInstallScript": true,
      "license": "MIT",
      "devDependencies": {},
      "engines": {
        "node": ">=18.0.0",
        "npm": ">=9.0.0"
      },
      "optionalDependencies": {
        "@bitwarden/sdk-napi": "^1.0.0"
      }
    },
    "node_modules/@bitwarden/sdk-napi": {
      "version": "1.0.0",
      "resolved": "https://registry.npmjs.org/@bitwarden/sdk-napi/-/sdk-napi-1.0.0.tgz",
      "integrity": "sha512-KrOXiuuQdVBvIM4l7XGrKl8otA9tSEKHjRQr0nF71eyCmIDzOV2kt/gchgLK42exGGuD/JcmmgnXx/j+U6W/+g==",
      "optional": true,
      "engines": {
        "node": ">= 10"
      },
      "optionalDependencies": {
        "@bitwarden/sdk-napi-darwin-arm64": "1.0.0",
        "@bitwarden/sdk-napi-darwin-x64": "1.0.0",
        "@bitwarden/sdk-napi-linux-x64-gnu": "1.0.0",
        "@bitwarden/sdk-napi-win32-x64-msvc": "1.0.0"
      }
    },
    "node_modules/@bitwarden/sdk-napi-darwin-arm64": {
      "version": "1.0.0",
      "resolved": "https://registry.npmjs.org/@bitwarden/sdk-napi-darwin-arm64/-/sdk-napi-darwin-arm64-1.0.0.tgz",
      "integrity": "sha512-0W6P2VByGFqYIf6bkI7qKWlXPGhG9KFibrN14pvllFIkbNRaz3hktMOLJ/JdWZVmdHrz0R5xmAVldbIWNMjFOA==",
      "cpu": [
        "arm64"
      ],
      "optional": true,
      "os": [
        "darwin"
      ],
      "engines": {
        "node": ">= 10"
      }
    },
    "node_modules/@bitwarden/sdk-napi-darwin-x64": {
      "version": "1.0.0",
      "resolved": "https://registry.npmjs.org/@bitwarden/sdk-napi-darwin-x64/-/sdk-napi-darwin-x64-1.0.0.tgz",
      "integrity": "sha512-Esyg8sktE50U+g12lL/xe68hgc5y78jPPV9maNcKTO9EWdde4RIx9u3xEpbYk5fyHaeMFXdo3TK8A8qLD34X5w==",
      "cpu": [
        "x64"
      ],
      "optional": true,
      "os": [
        "darwin"
      ],
      "engines": {
        "node": ">= 10"
      }
    },
    "node_modules/@bitwarden/sdk-napi-linux-x64-gnu": {
      "version": "1.0.0",
      "resolved": "https://registry.npmjs.org/@bitwarden/sdk-napi-linux-x64-gnu/-/sdk-napi-linux-x64-gnu-1.0.0.tgz",
      "integrity": "sha512-PBGEOq9saYuBBthCq5jAr7eQSyEmQylB+kwsuT0j666VXT124a3YjDGgobPYaR9KN/IRDQ5h2Tysuy1pojx10A==",
      "cpu": [
        "x64"
      ],
      "optional": true,
      "os": [
        "linux"
      ],
      "engines": {
        "node": ">= 10"
      }
    },
    "node_modules/@bitwarden/sdk-napi-win32-x64-msvc": {
      "version": "1.0.0",
      "resolved": "https://registry.npmjs.org/@bitwarden/sdk-napi-win32-x64-msvc/-/sdk-napi-win32-x64-msvc-1.0.0.tgz",
      "integrity": "sha512-cu92XYjsOWEVECyohGtLxiXcMJMVui+nDJtyNg52iGDeAzWQ7QZh0/bcjkymTCuGoqRD3sT0cCs+5PbW66K2XQ==",
      "cpu": [
        "x64"
      ],
      "optional": true,
      "os": [
        "win32"
      ],
      "engines": {
        "node": ">= 10"
      }
    }
  }
}
